
Microsoft Visual Studio Solution File, Format Version 12.00
# Visual Studio Version 17
VisualStudioVersion = 17.5.33424.131
MinimumVisualStudioVersion = 10.0.40219.1
Project("{9A19103F-16F7-4668-BE54-9A1E7A4F7556}") = "PowerChart", "PowerChart\PowerChart.csproj", "{C8A5818B-DCF9-4B34-9C4A-348488AEC0DF}"
EndProject
Project("{2150E333-8FDC-42A3-9474-1A3956D46DE8}") = "Solution Items", "Solution Items", "{6A49BA6A-8E37-4F9E-897E-8AA34E0121BC}"
EndProject
Global
	GlobalSection(SolutionConfigurationPlatforms) = preSolution
		Debug|Any CPU = Debug|Any CPU
		Release|Any CPU = Release|Any CPU
	EndGlobalSection
	GlobalSection(ProjectConfigurationPlatforms) = postSolution
		{C8A5818B-DCF9-4B34-9C4A-348488AEC0DF}.Debug|Any CPU.ActiveCfg = Debug|Any CPU
		{C8A5818B-DCF9-4B34-9C4A-348488AEC0DF}.Debug|Any CPU.Build.0 = Debug|Any CPU
		{C8A5818B-DCF9-4B34-9C4A-348488AEC0DF}.Release|Any CPU.ActiveCfg = Release|Any CPU
		{C8A5818B-DCF9-4B34-9C4A-348488AEC0DF}.Release|Any CPU.Build.0 = Release|Any CPU
	EndGlobalSection
	GlobalSection(SolutionProperties) = preSolution
		HideSolutionNode = FALSE
	EndGlobalSection
	GlobalSection(ExtensibilityGlobals) = postSolution
		SolutionGuid = {F675F242-F32D-43CF-8C1B-76700DE6DFA5}
	EndGlobalSection
EndGlobal
